// !$*UTF8*$!
{
	archiveVersion = 1;
	classes = {
	};
	objectVersion = 46;
	objects = {

/* Begin PBXBuildFile section */
		181BD8E51DBFE81300631160 /* AdsViewController.m in Sources */ = {isa = PBXBuildFile; fileRef = 181BD8E41DBFE81300631160 /* AdsViewController.m */; };
		181BD8FE1DBFF6A000631160 /* SWRevealViewController.m in Sources */ = {isa = PBXBuildFile; fileRef = 181BD8F71DBFF6A000631160 /* SWRevealViewController.m */; };
		181BD9021DBFFA1200631160 /* SideMenuTableViewCell.m in Sources */ = {isa = PBXBuildFile; fileRef = 181BD9001DBFFA1200631160 /* SideMenuTableViewCell.m */; };
		181BD9031DBFFA1200631160 /* SideMenuTableViewCell.xib in Resources */ = {isa = PBXBuildFile; fileRef = 181BD9011DBFFA1200631160 /* SideMenuTableViewCell.xib */; };
		181BD9061DBFFAF700631160 /* SideMenuViewController.m in Sources */ = {isa = PBXBuildFile; fileRef = 181BD9051DBFFAF700631160 /* SideMenuViewController.m */; };
		1829910E1DBE8CBD008A8C20 /* main.m in Sources */ = {isa = PBXBuildFile; fileRef = 1829910D1DBE8CBD008A8C20 /* main.m */; };
		182991111DBE8CBD008A8C20 /* AppDelegate.m in Sources */ = {isa = PBXBuildFile; fileRef = 182991101DBE8CBD008A8C20 /* AppDelegate.m */; };
		182991141DBE8CBD008A8C20 /* ViewController.m in Sources */ = {isa = PBXBuildFile; fileRef = 182991131DBE8CBD008A8C20 /* ViewController.m */; };
		182991171DBE8CBD008A8C20 /* Main.storyboard in Resources */ = {isa = PBXBuildFile; fileRef = 182991151DBE8CBD008A8C20 /* Main.storyboard */; };
		182991191DBE8CBD008A8C20 /* Assets.xcassets in Resources */ = {isa = PBXBuildFile; fileRef = 182991181DBE8CBD008A8C20 /* Assets.xcassets */; };
		1829911C1DBE8CBD008A8C20 /* LaunchScreen.storyboard in Resources */ = {isa = PBXBuildFile; fileRef = 1829911A1DBE8CBD008A8C20 /* LaunchScreen.storyboard */; };
		182991271DBE8CBD008A8C20 /* CheerUpTests.m in Sources */ = {isa = PBXBuildFile; fileRef = 182991261DBE8CBD008A8C20 /* CheerUpTests.m */; };
		182991321DBE8CBD008A8C20 /* CheerUpUITests.m in Sources */ = {isa = PBXBuildFile; fileRef = 182991311DBE8CBD008A8C20 /* CheerUpUITests.m */; };
		1829916B1DBE8ED6008A8C20 /* addvertisement_background.png in Resources */ = {isa = PBXBuildFile; fileRef = 182991421DBE8ED6008A8C20 /* addvertisement_background.png */; };
		1829916C1DBE8ED6008A8C20 /* blank_buttom_line.png in Resources */ = {isa = PBXBuildFile; fileRef = 182991431DBE8ED6008A8C20 /* blank_buttom_line.png */; };
		1829916D1DBE8ED6008A8C20 /* blank_pink_circle.png in Resources */ = {isa = PBXBuildFile; fileRef = 182991441DBE8ED6008A8C20 /* blank_pink_circle.png */; };
		1829916E1DBE8ED6008A8C20 /* bookmark_fill.png in Resources */ = {isa = PBXBuildFile; fileRef = 182991451DBE8ED6008A8C20 /* bookmark_fill.png */; };
		182991701DBE8ED6008A8C20 /* cheerup_img.png in Resources */ = {isa = PBXBuildFile; fileRef = 182991471DBE8ED6008A8C20 /* cheerup_img.png */; };
		182991711DBE8ED6008A8C20 /* cheerup_img1.png in Resources */ = {isa = PBXBuildFile; fileRef = 182991481DBE8ED6008A8C20 /* cheerup_img1.png */; };
		182991721DBE8ED6008A8C20 /* cheerup_img2.png in Resources */ = {isa = PBXBuildFile; fileRef = 182991491DBE8ED6008A8C20 /* cheerup_img2.png */; };
		182991731DBE8ED6008A8C20 /* dark_pink_background.png in Resources */ = {isa = PBXBuildFile; fileRef = 1829914A1DBE8ED6008A8C20 /* dark_pink_background.png */; };
		182991741DBE8ED6008A8C20 /* delete.png in Resources */ = {isa = PBXBuildFile; fileRef = 1829914B1DBE8ED6008A8C20 /* delete.png */; };
		182991761DBE8ED6008A8C20 /* dot_background.png in Resources */ = {isa = PBXBuildFile; fileRef = 1829914D1DBE8ED6008A8C20 /* dot_background.png */; };
		182991771DBE8ED6008A8C20 /* empty_hart_icon.png in Resources */ = {isa = PBXBuildFile; fileRef = 1829914E1DBE8ED6008A8C20 /* empty_hart_icon.png */; };
		182991781DBE8ED6008A8C20 /* exprees_camera_window.png in Resources */ = {isa = PBXBuildFile; fileRef = 1829914F1DBE8ED6008A8C20 /* exprees_camera_window.png */; };
		182991791DBE8ED6008A8C20 /* express_icon.png in Resources */ = {isa = PBXBuildFile; fileRef = 182991501DBE8ED6008A8C20 /* express_icon.png */; };
		1829917A1DBE8ED6008A8C20 /* express_img.png in Resources */ = {isa = PBXBuildFile; fileRef = 182991511DBE8ED6008A8C20 /* express_img.png */; };
		1829917B1DBE8ED6008A8C20 /* express_inputtex.png in Resources */ = {isa = PBXBuildFile; fileRef = 182991521DBE8ED6008A8C20 /* express_inputtex.png */; };
		1829917C1DBE8ED6008A8C20 /* express_msg.png in Resources */ = {isa = PBXBuildFile; fileRef = 182991531DBE8ED6008A8C20 /* express_msg.png */; };
		1829917D1DBE8ED6008A8C20 /* express.png in Resources */ = {isa = PBXBuildFile; fileRef = 182991541DBE8ED6008A8C20 /* express.png */; };
		1829917E1DBE8ED6008A8C20 /* flashscreen.png in Resources */ = {isa = PBXBuildFile; fileRef = 182991551DBE8ED6008A8C20 /* flashscreen.png */; };
		1829917F1DBE8ED6008A8C20 /* footer_post_bar.png in Resources */ = {isa = PBXBuildFile; fileRef = 182991561DBE8ED6008A8C20 /* footer_post_bar.png */; };
		182991801DBE8ED6008A8C20 /* hart_icon.png in Resources */ = {isa = PBXBuildFile; fileRef = 182991571DBE8ED6008A8C20 /* hart_icon.png */; };
		182991811DBE8ED6008A8C20 /* left.png in Resources */ = {isa = PBXBuildFile; fileRef = 182991581DBE8ED6008A8C20 /* left.png */; };
		182991821DBE8ED6008A8C20 /* massage_icon.png in Resources */ = {isa = PBXBuildFile; fileRef = 182991591DBE8ED6008A8C20 /* massage_icon.png */; };
		182991831DBE8ED6008A8C20 /* navigation_bar.png in Resources */ = {isa = PBXBuildFile; fileRef = 1829915A1DBE8ED6008A8C20 /* navigation_bar.png */; };
		182991841DBE8ED6008A8C20 /* navigation_slide.png in Resources */ = {isa = PBXBuildFile; fileRef = 1829915B1DBE8ED6008A8C20 /* navigation_slide.png */; };
		182991851DBE8ED6008A8C20 /* nearby_icon.png in Resources */ = {isa = PBXBuildFile; fileRef = 1829915C1DBE8ED6008A8C20 /* nearby_icon.png */; };
		182991861DBE8ED6008A8C20 /* nearby.png in Resources */ = {isa = PBXBuildFile; fileRef = 1829915D1DBE8ED6008A8C20 /* nearby.png */; };
		182991871DBE8ED6008A8C20 /* notification_icon.png in Resources */ = {isa = PBXBuildFile; fileRef = 1829915E1DBE8ED6008A8C20 /* notification_icon.png */; };
		182991881DBE8ED6008A8C20 /* orange_footer_bar.png in Resources */ = {isa = PBXBuildFile; fileRef = 1829915F1DBE8ED6008A8C20 /* orange_footer_bar.png */; };
		182991891DBE8ED6008A8C20 /* orange_under_line.png in Resources */ = {isa = PBXBuildFile; fileRef = 182991601DBE8ED6008A8C20 /* orange_under_line.png */; };
		1829918A1DBE8ED6008A8C20 /* pink.png in Resources */ = {isa = PBXBuildFile; fileRef = 182991611DBE8ED6008A8C20 /* pink.png */; };
		1829918B1DBE8ED6008A8C20 /* read_icon.png in Resources */ = {isa = PBXBuildFile; fileRef = 182991621DBE8ED6008A8C20 /* read_icon.png */; };
		1829918C1DBE8ED6008A8C20 /* read_it.png in Resources */ = {isa = PBXBuildFile; fileRef = 182991631DBE8ED6008A8C20 /* read_it.png */; };
		1829918D1DBE8ED6008A8C20 /* read.png in Resources */ = {isa = PBXBuildFile; fileRef = 182991641DBE8ED6008A8C20 /* read.png */; };
		1829918F1DBE8ED6008A8C20 /* right.png in Resources */ = {isa = PBXBuildFile; fileRef = 182991661DBE8ED6008A8C20 /* right.png */; };
		182991901DBE8ED6008A8C20 /* search.png in Resources */ = {isa = PBXBuildFile; fileRef = 182991671DBE8ED6008A8C20 /* search.png */; };
		182991911DBE8ED6008A8C20 /* user_icon_white.png in Resources */ = {isa = PBXBuildFile; fileRef = 182991681DBE8ED6008A8C20 /* user_icon_white.png */; };
		182991921DBE8ED6008A8C20 /* user_icon.png in Resources */ = {isa = PBXBuildFile; fileRef = 182991691DBE8ED6008A8C20 /* user_icon.png */; };
		182991931DBE8ED6008A8C20 /* windows_photo.png in Resources */ = {isa = PBXBuildFile; fileRef = 1829916A1DBE8ED6008A8C20 /* windows_photo.png */; };
		182991961DBE9479008A8C20 /* ReadViewController.m in Sources */ = {isa = PBXBuildFile; fileRef = 182991951DBE9479008A8C20 /* ReadViewController.m */; };
		182991DE1DBE954B008A8C20 /* ReadTableViewCell.m in Sources */ = {isa = PBXBuildFile; fileRef = 182991DC1DBE954B008A8C20 /* ReadTableViewCell.m */; };
		182991DF1DBE954B008A8C20 /* ReadTableViewCell.xib in Resources */ = {isa = PBXBuildFile; fileRef = 182991DD1DBE954B008A8C20 /* ReadTableViewCell.xib */; };
		182991E31DBE9C79008A8C20 /* camera.png in Resources */ = {isa = PBXBuildFile; fileRef = 182991E21DBE9C79008A8C20 /* camera.png */; };
		182991E61DBE9E41008A8C20 /* ExpressViewController.m in Sources */ = {isa = PBXBuildFile; fileRef = 182991E51DBE9E41008A8C20 /* ExpressViewController.m */; };
		182991EF1DBEA1D8008A8C20 /* DataSyncManager.m in Sources */ = {isa = PBXBuildFile; fileRef = 182991EB1DBEA1D8008A8C20 /* DataSyncManager.m */; };
		182991F01DBEA1D8008A8C20 /* SharedClass.m in Sources */ = {isa = PBXBuildFile; fileRef = 182991EE1DBEA1D8008A8C20 /* SharedClass.m */; };
		182D79291DC2A68F00C5230C /* BlogDetailViewController.m in Sources */ = {isa = PBXBuildFile; fileRef = 182D79281DC2A68F00C5230C /* BlogDetailViewController.m */; };
		182D792D1DC2AB1600C5230C /* BlogDetailTableViewCell.m in Sources */ = {isa = PBXBuildFile; fileRef = 182D792B1DC2AB1600C5230C /* BlogDetailTableViewCell.m */; };
		182D792E1DC2AB1600C5230C /* BlogDetailTableViewCell.xib in Resources */ = {isa = PBXBuildFile; fileRef = 182D792C1DC2AB1600C5230C /* BlogDetailTableViewCell.xib */; };
		A5DF43C6C6D28B9FA4AEA926 /* libPods-CheerUp.a in Frameworks */ = {isa = PBXBuildFile; fileRef = D4FE8FFA1354D1E2321F4E72 /* libPods-CheerUp.a */; };
		D4CCC5851DD1C3E400C20D0E /* check_whats_nearby_img.png in Resources */ = {isa = PBXBuildFile; fileRef = D4CCC5841DD1C3E400C20D0E /* check_whats_nearby_img.png */; };
/* End PBXBuildFile section */

/* Begin PBXContainerItemProxy section */
		182991231DBE8CBD008A8C20 /* PBXContainerItemProxy */ = {
			isa = PBXContainerItemProxy;
			containerPortal = 182991011DBE8CBD008A8C20 /* Project object */;
			proxyType = 1;
			remoteGlobalIDString = 182991081DBE8CBD008A8C20;
			remoteInfo = CheerUp;
		};
		1829912E1DBE8CBD008A8C20 /* PBXContainerItemProxy */ = {
			isa = PBXContainerItemProxy;
			containerPortal = 182991011DBE8CBD008A8C20 /* Project object */;
			proxyType = 1;
			remoteGlobalIDString = 182991081DBE8CBD008A8C20;
			remoteInfo = CheerUp;
		};
/* End PBXContainerItemProxy section */

/* Begin PBXFileReference section */
		181BD8E31DBFE81300631160 /* AdsViewController.h */ = {isa = PBXFileReference; fileEncoding = 4; lastKnownFileType = sourcecode.c.h; path = AdsViewController.h; sourceTree = "<group>"; };
		181BD8E41DBFE81300631160 /* AdsViewController.m */ = {isa = PBXFileReference; fileEncoding = 4; lastKnownFileType = sourcecode.c.objc; path = AdsViewController.m; sourceTree = "<group>"; };
		181BD8F61DBFF6A000631160 /* SWRevealViewController.h */ = {isa = PBXFileReference; fileEncoding = 4; lastKnownFileType = sourcecode.c.h; path = SWRevealViewController.h; sourceTree = "<group>"; };
		181BD8F71DBFF6A000631160 /* SWRevealViewController.m */ = {isa = PBXFileReference; fileEncoding = 4; lastKnownFileType = sourcecode.c.objc; path = SWRevealViewController.m; sourceTree = "<group>"; };
		181BD8FF1DBFFA1200631160 /* SideMenuTableViewCell.h */ = {isa = PBXFileReference; fileEncoding = 4; lastKnownFileType = sourcecode.c.h; path = SideMenuTableViewCell.h; sourceTree = "<group>"; };
		181BD9001DBFFA1200631160 /* SideMenuTableViewCell.m */ = {isa = PBXFileReference; fileEncoding = 4; lastKnownFileType = sourcecode.c.objc; path = SideMenuTableViewCell.m; sourceTree = "<group>"; };
		181BD9011DBFFA1200631160 /* SideMenuTableViewCell.xib */ = {isa = PBXFileReference; fileEncoding = 4; lastKnownFileType = file.xib; path = SideMenuTableViewCell.xib; sourceTree = "<group>"; };
		181BD9041DBFFAF700631160 /* SideMenuViewController.h */ = {isa = PBXFileReference; fileEncoding = 4; lastKnownFileType = sourcecode.c.h; path = SideMenuViewController.h; sourceTree = "<group>"; };
		181BD9051DBFFAF700631160 /* SideMenuViewController.m */ = {isa = PBXFileReference; fileEncoding = 4; lastKnownFileType = sourcecode.c.objc; path = SideMenuViewController.m; sourceTree = "<group>"; };
		182991091DBE8CBD008A8C20 /* CheerUp.app */ = {isa = PBXFileReference; explicitFileType = wrapper.application; includeInIndex = 0; path = CheerUp.app; sourceTree = BUILT_PRODUCTS_DIR; };
		1829910D1DBE8CBD008A8C20 /* main.m */ = {isa = PBXFileReference; lastKnownFileType = sourcecode.c.objc; path = main.m; sourceTree = "<group>"; };
		1829910F1DBE8CBD008A8C20 /* AppDelegate.h */ = {isa = PBXFileReference; lastKnownFileType = sourcecode.c.h; path = AppDelegate.h; sourceTree = "<group>"; };
		182991101DBE8CBD008A8C20 /* AppDelegate.m */ = {isa = PBXFileReference; lastKnownFileType = sourcecode.c.objc; path = AppDelegate.m; sourceTree = "<group>"; };
		182991121DBE8CBD008A8C20 /* ViewController.h */ = {isa = PBXFileReference; lastKnownFileType = sourcecode.c.h; path = ViewController.h; sourceTree = "<group>"; };
		182991131DBE8CBD008A8C20 /* ViewController.m */ = {isa = PBXFileReference; lastKnownFileType = sourcecode.c.objc; path = ViewController.m; sourceTree = "<group>"; };
		182991161DBE8CBD008A8C20 /* Base */ = {isa = PBXFileReference; lastKnownFileType = file.storyboard; name = Base; path = Base.lproj/Main.storyboard; sourceTree = "<group>"; };
		182991181DBE8CBD008A8C20 /* Assets.xcassets */ = {isa = PBXFileReference; lastKnownFileType = folder.assetcatalog; path = Assets.xcassets; sourceTree = "<group>"; };
		1829911B1DBE8CBD008A8C20 /* Base */ = {isa = PBXFileReference; lastKnownFileType = file.storyboard; name = Base; path = Base.lproj/LaunchScreen.storyboard; sourceTree = "<group>"; };
		1829911D1DBE8CBD008A8C20 /* Info.plist */ = {isa = PBXFileReference; lastKnownFileType = text.plist.xml; path = Info.plist; sourceTree = "<group>"; };
		182991221DBE8CBD008A8C20 /* CheerUpTests.xctest */ = {isa = PBXFileReference; explicitFileType = wrapper.cfbundle; includeInIndex = 0; path = CheerUpTests.xctest; sourceTree = BUILT_PRODUCTS_DIR; };
		182991261DBE8CBD008A8C20 /* CheerUpTests.m */ = {isa = PBXFileReference; lastKnownFileType = sourcecode.c.objc; path = CheerUpTests.m; sourceTree = "<group>"; };
		182991281DBE8CBD008A8C20 /* Info.plist */ = {isa = PBXFileReference; lastKnownFileType = text.plist.xml; path = Info.plist; sourceTree = "<group>"; };
		1829912D1DBE8CBD008A8C20 /* CheerUpUITests.xctest */ = {isa = PBXFileReference; explicitFileType = wrapper.cfbundle; includeInIndex = 0; path = CheerUpUITests.xctest; sourceTree = BUILT_PRODUCTS_DIR; };
		182991311DBE8CBD008A8C20 /* CheerUpUITests.m */ = {isa = PBXFileReference; lastKnownFileType = sourcecode.c.objc; path = CheerUpUITests.m; sourceTree = "<group>"; };
		182991331DBE8CBD008A8C20 /* Info.plist */ = {isa = PBXFileReference; lastKnownFileType = text.plist.xml; path = Info.plist; sourceTree = "<group>"; };
		182991421DBE8ED6008A8C20 /* addvertisement_background.png */ = {isa = PBXFileReference; lastKnownFileType = image.png; path = addvertisement_background.png; sourceTree = "<group>"; };
		182991431DBE8ED6008A8C20 /* blank_buttom_line.png */ = {isa = PBXFileReference; lastKnownFileType = image.png; path = blank_buttom_line.png; sourceTree = "<group>"; };
		182991441DBE8ED6008A8C20 /* blank_pink_circle.png */ = {isa = PBXFileReference; lastKnownFileType = image.png; path = blank_pink_circle.png; sourceTree = "<group>"; };
		182991451DBE8ED6008A8C20 /* bookmark_fill.png */ = {isa = PBXFileReference; lastKnownFileType = image.png; path = bookmark_fill.png; sourceTree = "<group>"; };
		182991471DBE8ED6008A8C20 /* cheerup_img.png */ = {isa = PBXFileReference; lastKnownFileType = image.png; path = cheerup_img.png; sourceTree = "<group>"; };
		182991481DBE8ED6008A8C20 /* cheerup_img1.png */ = {isa = PBXFileReference; lastKnownFileType = image.png; path = cheerup_img1.png; sourceTree = "<group>"; };
		182991491DBE8ED6008A8C20 /* cheerup_img2.png */ = {isa = PBXFileReference; lastKnownFileType = image.png; path = cheerup_img2.png; sourceTree = "<group>"; };
		1829914A1DBE8ED6008A8C20 /* dark_pink_background.png */ = {isa = PBXFileReference; lastKnownFileType = image.png; path = dark_pink_background.png; sourceTree = "<group>"; };
		1829914B1DBE8ED6008A8C20 /* delete.png */ = {isa = PBXFileReference; lastKnownFileType = image.png; path = delete.png; sourceTree = "<group>"; };
		1829914D1DBE8ED6008A8C20 /* dot_background.png */ = {isa = PBXFileReference; lastKnownFileType = image.png; path = dot_background.png; sourceTree = "<group>"; };
		1829914E1DBE8ED6008A8C20 /* empty_hart_icon.png */ = {isa = PBXFileReference; lastKnownFileType = image.png; path = empty_hart_icon.png; sourceTree = "<group>"; };
		1829914F1DBE8ED6008A8C20 /* exprees_camera_window.png */ = {isa = PBXFileReference; lastKnownFileType = image.png; path = exprees_camera_window.png; sourceTree = "<group>"; };
		182991501DBE8ED6008A8C20 /* express_icon.png */ = {isa = PBXFileReference; lastKnownFileType = image.png; path = express_icon.png; sourceTree = "<group>"; };
		182991511DBE8ED6008A8C20 /* express_img.png */ = {isa = PBXFileReference; lastKnownFileType = image.png; path = express_img.png; sourceTree = "<group>"; };
		182991521DBE8ED6008A8C20 /* express_inputtex.png */ = {isa = PBXFileReference; lastKnownFileType = image.png; path = express_inputtex.png; sourceTree = "<group>"; };
		182991531DBE8ED6008A8C20 /* express_msg.png */ = {isa = PBXFileReference; lastKnownFileType = image.png; path = express_msg.png; sourceTree = "<group>"; };
		182991541DBE8ED6008A8C20 /* express.png */ = {isa = PBXFileReference; lastKnownFileType = image.png; path = express.png; sourceTree = "<group>"; };
		182991551DBE8ED6008A8C20 /* flashscreen.png */ = {isa = PBXFileReference; lastKnownFileType = image.png; path = flashscreen.png; sourceTree = "<group>"; };
		182991561DBE8ED6008A8C20 /* footer_post_bar.png */ = {isa = PBXFileReference; lastKnownFileType = image.png; path = footer_post_bar.png; sourceTree = "<group>"; };
		182991571DBE8ED6008A8C20 /* hart_icon.png */ = {isa = PBXFileReference; lastKnownFileType = image.png; path = hart_icon.png; sourceTree = "<group>"; };
		182991581DBE8ED6008A8C20 /* left.png */ = {isa = PBXFileReference; lastKnownFileType = image.png; path = left.png; sourceTree = "<group>"; };
		182991591DBE8ED6008A8C20 /* massage_icon.png */ = {isa = PBXFileReference; lastKnownFileType = image.png; path = massage_icon.png; sourceTree = "<group>"; };
		1829915A1DBE8ED6008A8C20 /* navigation_bar.png */ = {isa = PBXFileReference; lastKnownFileType = image.png; path = navigation_bar.png; sourceTree = "<group>"; };
		1829915B1DBE8ED6008A8C20 /* navigation_slide.png */ = {isa = PBXFileReference; lastKnownFileType = image.png; path = navigation_slide.png; sourceTree = "<group>"; };
		1829915C1DBE8ED6008A8C20 /* nearby_icon.png */ = {isa = PBXFileReference; lastKnownFileType = image.png; path = nearby_icon.png; sourceTree = "<group>"; };
		1829915D1DBE8ED6008A8C20 /* nearby.png */ = {isa = PBXFileReference; lastKnownFileType = image.png; path = nearby.png; sourceTree = "<group>"; };
		1829915E1DBE8ED6008A8C20 /* notification_icon.png */ = {isa = PBXFileReference; lastKnownFileType = image.png; path = notification_icon.png; sourceTree = "<group>"; };
		1829915F1DBE8ED6008A8C20 /* orange_footer_bar.png */ = {isa = PBXFileReference; lastKnownFileType = image.png; path = orange_footer_bar.png; sourceTree = "<group>"; };
		182991601DBE8ED6008A8C20 /* orange_under_line.png */ = {isa = PBXFileReference; lastKnownFileType = image.png; path = orange_under_line.png; sourceTree = "<group>"; };
		182991611DBE8ED6008A8C20 /* pink.png */ = {isa = PBXFileReference; lastKnownFileType = image.png; path = pink.png; sourceTree = "<group>"; };
		182991621DBE8ED6008A8C20 /* read_icon.png */ = {isa = PBXFileReference; lastKnownFileType = image.png; path = read_icon.png; sourceTree = "<group>"; };
		182991631DBE8ED6008A8C20 /* read_it.png */ = {isa = PBXFileReference; lastKnownFileType = image.png; path = read_it.png; sourceTree = "<group>"; };
		182991641DBE8ED6008A8C20 /* read.png */ = {isa = PBXFileReference; lastKnownFileType = image.png; path = read.png; sourceTree = "<group>"; };
		182991661DBE8ED6008A8C20 /* right.png */ = {isa = PBXFileReference; lastKnownFileType = image.png; path = right.png; sourceTree = "<group>"; };
		182991671DBE8ED6008A8C20 /* search.png */ = {isa = PBXFileReference; lastKnownFileType = image.png; path = search.png; sourceTree = "<group>"; };
		182991681DBE8ED6008A8C20 /* user_icon_white.png */ = {isa = PBXFileReference; lastKnownFileType = image.png; path = user_icon_white.png; sourceTree = "<group>"; };
		182991691DBE8ED6008A8C20 /* user_icon.png */ = {isa = PBXFileReference; lastKnownFileType = image.png; path = user_icon.png; sourceTree = "<group>"; };
		1829916A1DBE8ED6008A8C20 /* windows_photo.png */ = {isa = PBXFileReference; lastKnownFileType = image.png; path = windows_photo.png; sourceTree = "<group>"; };
		182991941DBE9479008A8C20 /* ReadViewController.h */ = {isa = PBXFileReference; fileEncoding = 4; lastKnownFileType = sourcecode.c.h; path = ReadViewController.h; sourceTree = "<group>"; };
		182991951DBE9479008A8C20 /* ReadViewController.m */ = {isa = PBXFileReference; fileEncoding = 4; lastKnownFileType = sourcecode.c.objc; path = ReadViewController.m; sourceTree = "<group>"; };
		182991DB1DBE954B008A8C20 /* ReadTableViewCell.h */ = {isa = PBXFileReference; fileEncoding = 4; lastKnownFileType = sourcecode.c.h; path = ReadTableViewCell.h; sourceTree = "<group>"; };
		182991DC1DBE954B008A8C20 /* ReadTableViewCell.m */ = {isa = PBXFileReference; fileEncoding = 4; lastKnownFileType = sourcecode.c.objc; path = ReadTableViewCell.m; sourceTree = "<group>"; };
		182991DD1DBE954B008A8C20 /* ReadTableViewCell.xib */ = {isa = PBXFileReference; fileEncoding = 4; lastKnownFileType = file.xib; path = ReadTableViewCell.xib; sourceTree = "<group>"; };
		182991E21DBE9C79008A8C20 /* camera.png */ = {isa = PBXFileReference; lastKnownFileType = image.png; path = camera.png; sourceTree = "<group>"; };
		182991E41DBE9E41008A8C20 /* ExpressViewController.h */ = {isa = PBXFileReference; fileEncoding = 4; lastKnownFileType = sourcecode.c.h; path = ExpressViewController.h; sourceTree = "<group>"; };
		182991E51DBE9E41008A8C20 /* ExpressViewController.m */ = {isa = PBXFileReference; fileEncoding = 4; lastKnownFileType = sourcecode.c.objc; path = ExpressViewController.m; sourceTree = "<group>"; };
		182991E71DBEA187008A8C20 /* PrefixHeader.pch */ = {isa = PBXFileReference; lastKnownFileType = sourcecode.c.h; path = PrefixHeader.pch; sourceTree = "<group>"; };
		182991E91DBEA1D8008A8C20 /* Constants.h */ = {isa = PBXFileReference; fileEncoding = 4; lastKnownFileType = sourcecode.c.h; path = Constants.h; sourceTree = "<group>"; };
		182991EA1DBEA1D8008A8C20 /* DataSyncManager.h */ = {isa = PBXFileReference; fileEncoding = 4; lastKnownFileType = sourcecode.c.h; path = DataSyncManager.h; sourceTree = "<group>"; };
		182991EB1DBEA1D8008A8C20 /* DataSyncManager.m */ = {isa = PBXFileReference; fileEncoding = 4; lastKnownFileType = sourcecode.c.objc; path = DataSyncManager.m; sourceTree = "<group>"; };
		182991EC1DBEA1D8008A8C20 /* Settings.h */ = {isa = PBXFileReference; fileEncoding = 4; lastKnownFileType = sourcecode.c.h; path = Settings.h; sourceTree = "<group>"; };
		182991ED1DBEA1D8008A8C20 /* SharedClass.h */ = {isa = PBXFileReference; fileEncoding = 4; lastKnownFileType = sourcecode.c.h; path = SharedClass.h; sourceTree = "<group>"; };
		182991EE1DBEA1D8008A8C20 /* SharedClass.m */ = {isa = PBXFileReference; fileEncoding = 4; lastKnownFileType = sourcecode.c.objc; path = SharedClass.m; sourceTree = "<group>"; };
		182D79271DC2A68F00C5230C /* BlogDetailViewController.h */ = {isa = PBXFileReference; fileEncoding = 4; lastKnownFileType = sourcecode.c.h; path = BlogDetailViewController.h; sourceTree = "<group>"; };
		182D79281DC2A68F00C5230C /* BlogDetailViewController.m */ = {isa = PBXFileReference; fileEncoding = 4; lastKnownFileType = sourcecode.c.objc; path = BlogDetailViewController.m; sourceTree = "<group>"; };
		182D792A1DC2AB1600C5230C /* BlogDetailTableViewCell.h */ = {isa = PBXFileReference; fileEncoding = 4; lastKnownFileType = sourcecode.c.h; path = BlogDetailTableViewCell.h; sourceTree = "<group>"; };
		182D792B1DC2AB1600C5230C /* BlogDetailTableViewCell.m */ = {isa = PBXFileReference; fileEncoding = 4; lastKnownFileType = sourcecode.c.objc; path = BlogDetailTableViewCell.m; sourceTree = "<group>"; };
		182D792C1DC2AB1600C5230C /* BlogDetailTableViewCell.xib */ = {isa = PBXFileReference; fileEncoding = 4; lastKnownFileType = file.xib; path = BlogDetailTableViewCell.xib; sourceTree = "<group>"; };
		1E44D15EB09A08FDA630E60A /* Pods-CheerUp.debug.xcconfig */ = {isa = PBXFileReference; includeInIndex = 1; lastKnownFileType = text.xcconfig; name = "Pods-CheerUp.debug.xcconfig"; path = "Pods/Target Support Files/Pods-CheerUp/Pods-CheerUp.debug.xcconfig"; sourceTree = "<group>"; };
		71F710293155FF6CA20E423C /* Pods-CheerUp.release.xcconfig */ = {isa = PBXFileReference; includeInIndex = 1; lastKnownFileType = text.xcconfig; name = "Pods-CheerUp.release.xcconfig"; path = "Pods/Target Support Files/Pods-CheerUp/Pods-CheerUp.release.xcconfig"; sourceTree = "<group>"; };
		D4CCC5841DD1C3E400C20D0E /* check_whats_nearby_img.png */ = {isa = PBXFileReference; lastKnownFileType = image.png; path = check_whats_nearby_img.png; sourceTree = "<group>"; };
		D4FE8FFA1354D1E2321F4E72 /* libPods-CheerUp.a */ = {isa = PBXFileReference; explicitFileType = archive.ar; includeInIndex = 0; path = "libPods-CheerUp.a"; sourceTree = BUILT_PRODUCTS_DIR; };
/* End PBXFileReference section */

/* Begin PBXFrameworksBuildPhase section */
		182991061DBE8CBD008A8C20 /* Frameworks */ = {
			isa = PBXFrameworksBuildPhase;
			buildActionMask = 2147483647;
			files = (
				A5DF43C6C6D28B9FA4AEA926 /* libPods-CheerUp.a in Frameworks */,
			);
			runOnlyForDeploymentPostprocessing = 0;
		};
		1829911F1DBE8CBD008A8C20 /* Frameworks */ = {
			isa = PBXFrameworksBuildPhase;
			buildActionMask = 2147483647;
			files = (
			);
			runOnlyForDeploymentPostprocessing = 0;
		};
		1829912A1DBE8CBD008A8C20 /* Frameworks */ = {
			isa = PBXFrameworksBuildPhase;
			buildActionMask = 2147483647;
			files = (
			);
			runOnlyForDeploymentPostprocessing = 0;
		};
/* End PBXFrameworksBuildPhase section */

/* Begin PBXGroup section */
		181BD8E61DBFF6A000631160 /* Library */ = {
			isa = PBXGroup;
			children = (
				181BD8F51DBFF6A000631160 /* SWRevealViewController */,
			);
			path = Library;
			sourceTree = "<group>";
		};
		181BD8F51DBFF6A000631160 /* SWRevealViewController */ = {
			isa = PBXGroup;
			children = (
				181BD8F61DBFF6A000631160 /* SWRevealViewController.h */,
				181BD8F71DBFF6A000631160 /* SWRevealViewController.m */,
			);
			path = SWRevealViewController;
			sourceTree = "<group>";
		};
		182991001DBE8CBD008A8C20 = {
			isa = PBXGroup;
			children = (
				1829910B1DBE8CBD008A8C20 /* CheerUp */,
				182991251DBE8CBD008A8C20 /* CheerUpTests */,
				182991301DBE8CBD008A8C20 /* CheerUpUITests */,
				1829910A1DBE8CBD008A8C20 /* Products */,
				A3D37A8C0E9D482B8C5DB109 /* Pods */,
				EAC520A5484011B88E79E99C /* Frameworks */,
			);
			sourceTree = "<group>";
		};
		1829910A1DBE8CBD008A8C20 /* Products */ = {
			isa = PBXGroup;
			children = (
				182991091DBE8CBD008A8C20 /* CheerUp.app */,
				182991221DBE8CBD008A8C20 /* CheerUpTests.xctest */,
				1829912D1DBE8CBD008A8C20 /* CheerUpUITests.xctest */,
			);
			name = Products;
			sourceTree = "<group>";
		};
		1829910B1DBE8CBD008A8C20 /* CheerUp */ = {
			isa = PBXGroup;
			children = (
				181BD8E61DBFF6A000631160 /* Library */,
				182991E81DBEA1D8008A8C20 /* Helpers */,
				182991971DBE9520008A8C20 /* CustomControls */,
				1829913F1DBE8D78008A8C20 /* Resources */,
				1829910F1DBE8CBD008A8C20 /* AppDelegate.h */,
				182991101DBE8CBD008A8C20 /* AppDelegate.m */,
				182991121DBE8CBD008A8C20 /* ViewController.h */,
				182991131DBE8CBD008A8C20 /* ViewController.m */,
				182991151DBE8CBD008A8C20 /* Main.storyboard */,
				182991181DBE8CBD008A8C20 /* Assets.xcassets */,
				1829911A1DBE8CBD008A8C20 /* LaunchScreen.storyboard */,
				1829910C1DBE8CBD008A8C20 /* Supporting Files */,
				182991941DBE9479008A8C20 /* ReadViewController.h */,
				182991951DBE9479008A8C20 /* ReadViewController.m */,
				182991E41DBE9E41008A8C20 /* ExpressViewController.h */,
				182991E51DBE9E41008A8C20 /* ExpressViewController.m */,
				181BD8E31DBFE81300631160 /* AdsViewController.h */,
				181BD8E41DBFE81300631160 /* AdsViewController.m */,
				181BD9041DBFFAF700631160 /* SideMenuViewController.h */,
				181BD9051DBFFAF700631160 /* SideMenuViewController.m */,
				182D79271DC2A68F00C5230C /* BlogDetailViewController.h */,
				182D79281DC2A68F00C5230C /* BlogDetailViewController.m */,
			);
			path = CheerUp;
			sourceTree = "<group>";
		};
		1829910C1DBE8CBD008A8C20 /* Supporting Files */ = {
			isa = PBXGroup;
			children = (
				1829911D1DBE8CBD008A8C20 /* Info.plist */,
				1829910D1DBE8CBD008A8C20 /* main.m */,
				182991E71DBEA187008A8C20 /* PrefixHeader.pch */,
			);
			name = "Supporting Files";
			sourceTree = "<group>";
		};
		182991251DBE8CBD008A8C20 /* CheerUpTests */ = {
			isa = PBXGroup;
			children = (
				182991261DBE8CBD008A8C20 /* CheerUpTests.m */,
				182991281DBE8CBD008A8C20 /* Info.plist */,
			);
			path = CheerUpTests;
			sourceTree = "<group>";
		};
		182991301DBE8CBD008A8C20 /* CheerUpUITests */ = {
			isa = PBXGroup;
			children = (
				182991311DBE8CBD008A8C20 /* CheerUpUITests.m */,
				182991331DBE8CBD008A8C20 /* Info.plist */,
			);
			path = CheerUpUITests;
			sourceTree = "<group>";
		};
		1829913F1DBE8D78008A8C20 /* Resources */ = {
			isa = PBXGroup;
			children = (
				D4CCC5841DD1C3E400C20D0E /* check_whats_nearby_img.png */,
				182991E21DBE9C79008A8C20 /* camera.png */,
				182991421DBE8ED6008A8C20 /* addvertisement_background.png */,
				182991431DBE8ED6008A8C20 /* blank_buttom_line.png */,
				182991441DBE8ED6008A8C20 /* blank_pink_circle.png */,
				182991451DBE8ED6008A8C20 /* bookmark_fill.png */,
				182991471DBE8ED6008A8C20 /* cheerup_img.png */,
				182991481DBE8ED6008A8C20 /* cheerup_img1.png */,
				182991491DBE8ED6008A8C20 /* cheerup_img2.png */,
				1829914A1DBE8ED6008A8C20 /* dark_pink_background.png */,
				1829914B1DBE8ED6008A8C20 /* delete.png */,
				1829914D1DBE8ED6008A8C20 /* dot_background.png */,
				1829914E1DBE8ED6008A8C20 /* empty_hart_icon.png */,
				1829914F1DBE8ED6008A8C20 /* exprees_camera_window.png */,
				182991501DBE8ED6008A8C20 /* express_icon.png */,
				182991511DBE8ED6008A8C20 /* express_img.png */,
				182991521DBE8ED6008A8C20 /* express_inputtex.png */,
				182991531DBE8ED6008A8C20 /* express_msg.png */,
				182991541DBE8ED6008A8C20 /* express.png */,
				182991551DBE8ED6008A8C20 /* flashscreen.png */,
				182991561DBE8ED6008A8C20 /* footer_post_bar.png */,
				182991571DBE8ED6008A8C20 /* hart_icon.png */,
				182991581DBE8ED6008A8C20 /* left.png */,
				182991591DBE8ED6008A8C20 /* massage_icon.png */,
				1829915A1DBE8ED6008A8C20 /* navigation_bar.png */,
				1829915B1DBE8ED6008A8C20 /* navigation_slide.png */,
				1829915C1DBE8ED6008A8C20 /* nearby_icon.png */,
				1829915D1DBE8ED6008A8C20 /* nearby.png */,
				1829915E1DBE8ED6008A8C20 /* notification_icon.png */,
				1829915F1DBE8ED6008A8C20 /* orange_footer_bar.png */,
				182991601DBE8ED6008A8C20 /* orange_under_line.png */,
				182991611DBE8ED6008A8C20 /* pink.png */,
				182991621DBE8ED6008A8C20 /* read_icon.png */,
				182991631DBE8ED6008A8C20 /* read_it.png */,
				182991641DBE8ED6008A8C20 /* read.png */,
				182991661DBE8ED6008A8C20 /* right.png */,
				182991671DBE8ED6008A8C20 /* search.png */,
				182991681DBE8ED6008A8C20 /* user_icon_white.png */,
				182991691DBE8ED6008A8C20 /* user_icon.png */,
				1829916A1DBE8ED6008A8C20 /* windows_photo.png */,
			);
			path = Resources;
			sourceTree = "<group>";
		};
		182991971DBE9520008A8C20 /* CustomControls */ = {
			isa = PBXGroup;
			children = (
				182991DB1DBE954B008A8C20 /* ReadTableViewCell.h */,
				182991DC1DBE954B008A8C20 /* ReadTableViewCell.m */,
				182991DD1DBE954B008A8C20 /* ReadTableViewCell.xib */,
				181BD8FF1DBFFA1200631160 /* SideMenuTableViewCell.h */,
				181BD9001DBFFA1200631160 /* SideMenuTableViewCell.m */,
				181BD9011DBFFA1200631160 /* SideMenuTableViewCell.xib */,
				182D792A1DC2AB1600C5230C /* BlogDetailTableViewCell.h */,
				182D792B1DC2AB1600C5230C /* BlogDetailTableViewCell.m */,
				182D792C1DC2AB1600C5230C /* BlogDetailTableViewCell.xib */,
			);
			path = CustomControls;
			sourceTree = "<group>";
		};
		182991E81DBEA1D8008A8C20 /* Helpers */ = {
			isa = PBXGroup;
			children = (
				182991E91DBEA1D8008A8C20 /* Constants.h */,
				182991EA1DBEA1D8008A8C20 /* DataSyncManager.h */,
				182991EB1DBEA1D8008A8C20 /* DataSyncManager.m */,
				182991EC1DBEA1D8008A8C20 /* Settings.h */,
				182991ED1DBEA1D8008A8C20 /* SharedClass.h */,
				182991EE1DBEA1D8008A8C20 /* SharedClass.m */,
			);
			path = Helpers;
			sourceTree = "<group>";
		};
		A3D37A8C0E9D482B8C5DB109 /* Pods */ = {
			isa = PBXGroup;
			children = (
				1E44D15EB09A08FDA630E60A /* Pods-CheerUp.debug.xcconfig */,
				71F710293155FF6CA20E423C /* Pods-CheerUp.release.xcconfig */,
			);
			name = Pods;
			sourceTree = "<group>";
		};
		EAC520A5484011B88E79E99C /* Frameworks */ = {
			isa = PBXGroup;
			children = (
				D4FE8FFA1354D1E2321F4E72 /* libPods-CheerUp.a */,
			);
			name = Frameworks;
			sourceTree = "<group>";
		};
/* End PBXGroup section */

/* Begin PBXNativeTarget section */
		182991081DBE8CBD008A8C20 /* CheerUp */ = {
			isa = PBXNativeTarget;
			buildConfigurationList = 182991361DBE8CBD008A8C20 /* Build configuration list for PBXNativeTarget "CheerUp" */;
			buildPhases = (
				A1B37E10DAA7F490CF327D99 /* Check Pods Manifest.lock */,
				182991051DBE8CBD008A8C20 /* Sources */,
				182991061DBE8CBD008A8C20 /* Frameworks */,
				182991071DBE8CBD008A8C20 /* Resources */,
				550E9FC15E878F4FFCBA03F0 /* Embed Pods Frameworks */,
				45FC30CF884D8EC4D307EA2C /* Copy Pods Resources */,
			);
			buildRules = (
			);
			dependencies = (
			);
			name = CheerUp;
			productName = CheerUp;
			productReference = 182991091DBE8CBD008A8C20 /* CheerUp.app */;
			productType = "com.apple.product-type.application";
		};
		182991211DBE8CBD008A8C20 /* CheerUpTests */ = {
			isa = PBXNativeTarget;
			buildConfigurationList = 182991391DBE8CBD008A8C20 /* Build configuration list for PBXNativeTarget "CheerUpTests" */;
			buildPhases = (
				1829911E1DBE8CBD008A8C20 /* Sources */,
				1829911F1DBE8CBD008A8C20 /* Frameworks */,
				182991201DBE8CBD008A8C20 /* Resources */,
			);
			buildRules = (
			);
			dependencies = (
				182991241DBE8CBD008A8C20 /* PBXTargetDependency */,
			);
			name = CheerUpTests;
			productName = CheerUpTests;
			productReference = 182991221DBE8CBD008A8C20 /* CheerUpTests.xctest */;
			productType = "com.apple.product-type.bundle.unit-test";
		};
		1829912C1DBE8CBD008A8C20 /* CheerUpUITests */ = {
			isa = PBXNativeTarget;
			buildConfigurationList = 1829913C1DBE8CBD008A8C20 /* Build configuration list for PBXNativeTarget "CheerUpUITests" */;
			buildPhases = (
				182991291DBE8CBD008A8C20 /* Sources */,
				1829912A1DBE8CBD008A8C20 /* Frameworks */,
				1829912B1DBE8CBD008A8C20 /* Resources */,
			);
			buildRules = (
			);
			dependencies = (
				1829912F1DBE8CBD008A8C20 /* PBXTargetDependency */,
			);
			name = CheerUpUITests;
			productName = CheerUpUITests;
			productReference = 1829912D1DBE8CBD008A8C20 /* CheerUpUITests.xctest */;
			productType = "com.apple.product-type.bundle.ui-testing";
		};
/* End PBXNativeTarget section */

/* Begin PBXProject section */
		182991011DBE8CBD008A8C20 /* Project object */ = {
			isa = PBXProject;
			attributes = {
				LastUpgradeCheck = 0730;
				ORGANIZATIONNAME = stardeep;
				TargetAttributes = {
					182991081DBE8CBD008A8C20 = {
						CreatedOnToolsVersion = 7.3.1;
						DevelopmentTeam = CZA6DXR72T;
					};
					182991211DBE8CBD008A8C20 = {
						CreatedOnToolsVersion = 7.3.1;
						TestTargetID = 182991081DBE8CBD008A8C20;
					};
					1829912C1DBE8CBD008A8C20 = {
						CreatedOnToolsVersion = 7.3.1;
						TestTargetID = 182991081DBE8CBD008A8C20;
					};
				};
			};
			buildConfigurationList = 182991041DBE8CBD008A8C20 /* Build configuration list for PBXProject "CheerUp" */;
			compatibilityVersion = "Xcode 3.2";
			developmentRegion = English;
			hasScannedForEncodings = 0;
			knownRegions = (
				en,
				Base,
			);
			mainGroup = 182991001DBE8CBD008A8C20;
			productRefGroup = 1829910A1DBE8CBD008A8C20 /* Products */;
			projectDirPath = "";
			projectRoot = "";
			targets = (
				182991081DBE8CBD008A8C20 /* CheerUp */,
				182991211DBE8CBD008A8C20 /* CheerUpTests */,
				1829912C1DBE8CBD008A8C20 /* CheerUpUITests */,
			);
		};
/* End PBXProject section */

/* Begin PBXResourcesBuildPhase section */
		182991071DBE8CBD008A8C20 /* Resources */ = {
			isa = PBXResourcesBuildPhase;
			buildActionMask = 2147483647;
			files = (
				182D792E1DC2AB1600C5230C /* BlogDetailTableViewCell.xib in Resources */,
				1829916D1DBE8ED6008A8C20 /* blank_pink_circle.png in Resources */,
				1829917B1DBE8ED6008A8C20 /* express_inputtex.png in Resources */,
				182991821DBE8ED6008A8C20 /* massage_icon.png in Resources */,
				182991761DBE8ED6008A8C20 /* dot_background.png in Resources */,
				182991E31DBE9C79008A8C20 /* camera.png in Resources */,
				182991701DBE8ED6008A8C20 /* cheerup_img.png in Resources */,
				181BD9031DBFFA1200631160 /* SideMenuTableViewCell.xib in Resources */,
				182991831DBE8ED6008A8C20 /* navigation_bar.png in Resources */,
				1829911C1DBE8CBD008A8C20 /* LaunchScreen.storyboard in Resources */,
				182991721DBE8ED6008A8C20 /* cheerup_img2.png in Resources */,
				1829918C1DBE8ED6008A8C20 /* read_it.png in Resources */,
				182991811DBE8ED6008A8C20 /* left.png in Resources */,
				1829918F1DBE8ED6008A8C20 /* right.png in Resources */,
				182991881DBE8ED6008A8C20 /* orange_footer_bar.png in Resources */,
				1829917F1DBE8ED6008A8C20 /* footer_post_bar.png in Resources */,
				182991841DBE8ED6008A8C20 /* navigation_slide.png in Resources */,
				1829918B1DBE8ED6008A8C20 /* read_icon.png in Resources */,
				1829916C1DBE8ED6008A8C20 /* blank_buttom_line.png in Resources */,
				182991801DBE8ED6008A8C20 /* hart_icon.png in Resources */,
				182991DF1DBE954B008A8C20 /* ReadTableViewCell.xib in Resources */,
				1829917E1DBE8ED6008A8C20 /* flashscreen.png in Resources */,
				182991781DBE8ED6008A8C20 /* exprees_camera_window.png in Resources */,
				D4CCC5851DD1C3E400C20D0E /* check_whats_nearby_img.png in Resources */,
				182991911DBE8ED6008A8C20 /* user_icon_white.png in Resources */,
				1829918A1DBE8ED6008A8C20 /* pink.png in Resources */,
				182991851DBE8ED6008A8C20 /* nearby_icon.png in Resources */,
				182991791DBE8ED6008A8C20 /* express_icon.png in Resources */,
				182991891DBE8ED6008A8C20 /* orange_under_line.png in Resources */,
				182991191DBE8CBD008A8C20 /* Assets.xcassets in Resources */,
				182991741DBE8ED6008A8C20 /* delete.png in Resources */,
				1829917A1DBE8ED6008A8C20 /* express_img.png in Resources */,
				182991931DBE8ED6008A8C20 /* windows_photo.png in Resources */,
				1829916B1DBE8ED6008A8C20 /* addvertisement_background.png in Resources */,
				182991711DBE8ED6008A8C20 /* cheerup_img1.png in Resources */,
				1829917D1DBE8ED6008A8C20 /* express.png in Resources */,
				182991871DBE8ED6008A8C20 /* notification_icon.png in Resources */,
				1829917C1DBE8ED6008A8C20 /* express_msg.png in Resources */,
				182991901DBE8ED6008A8C20 /* search.png in Resources */,
				1829918D1DBE8ED6008A8C20 /* read.png in Resources */,
				182991921DBE8ED6008A8C20 /* user_icon.png in Resources */,
				182991771DBE8ED6008A8C20 /* empty_hart_icon.png in Resources */,
				182991861DBE8ED6008A8C20 /* nearby.png in Resources */,
				182991731DBE8ED6008A8C20 /* dark_pink_background.png in Resources */,
				1829916E1DBE8ED6008A8C20 /* bookmark_fill.png in Resources */,
				182991171DBE8CBD008A8C20 /* Main.storyboard in Resources */,
			);
			runOnlyForDeploymentPostprocessing = 0;
		};
		182991201DBE8CBD008A8C20 /* Resources */ = {
			isa = PBXResourcesBuildPhase;
			buildActionMask = 2147483647;
			files = (
			);
			runOnlyForDeploymentPostprocessing = 0;
		};
		1829912B1DBE8CBD008A8C20 /* Resources */ = {
			isa = PBXResourcesBuildPhase;
			buildActionMask = 2147483647;
			files = (
			);
			runOnlyForDeploymentPostprocessing = 0;
		};
/* End PBXResourcesBuildPhase section */

/* Begin PBXShellScriptBuildPhase section */
		45FC30CF884D8EC4D307EA2C /* Copy Pods Resources */ = {
			isa = PBXShellScriptBuildPhase;
			buildActionMask = 2147483647;
			files = (
			);
			inputPaths = (
			);
			name = "Copy Pods Resources";
			outputPaths = (
			);
			runOnlyForDeploymentPostprocessing = 0;
			shellPath = /bin/sh;
			shellScript = "\"${SRCROOT}/Pods/Target Support Files/Pods-CheerUp/Pods-CheerUp-resources.sh\"\n";
			showEnvVarsInLog = 0;
		};
		550E9FC15E878F4FFCBA03F0 /* Embed Pods Frameworks */ = {
			isa = PBXShellScriptBuildPhase;
			buildActionMask = 2147483647;
			files = (
			);
			inputPaths = (
			);
			name = "Embed Pods Frameworks";
			outputPaths = (
			);
			runOnlyForDeploymentPostprocessing = 0;
			shellPath = /bin/sh;
			shellScript = "\"${SRCROOT}/Pods/Target Support Files/Pods-CheerUp/Pods-CheerUp-frameworks.sh\"\n";
			showEnvVarsInLog = 0;
		};
		A1B37E10DAA7F490CF327D99 /* Check Pods Manifest.lock */ = {
			isa = PBXShellScriptBuildPhase;
			buildActionMask = 2147483647;
			files = (
			);
			inputPaths = (
			);
			name = "Check Pods Manifest.lock";
			outputPaths = (
			);
			runOnlyForDeploymentPostprocessing = 0;
			shellPath = /bin/sh;
			shellScript = "diff \"${PODS_ROOT}/../Podfile.lock\" \"${PODS_ROOT}/Manifest.lock\" > /dev/null\nif [[ $? != 0 ]] ; then\n    cat << EOM\nerror: The sandbox is not in sync with the Podfile.lock. Run 'pod install' or update your CocoaPods installation.\nEOM\n    exit 1\nfi\n";
			showEnvVarsInLog = 0;
		};
/* End PBXShellScriptBuildPhase section */

/* Begin PBXSourcesBuildPhase section */
		182991051DBE8CBD008A8C20 /* Sources */ = {
			isa = PBXSourcesBuildPhase;
			buildActionMask = 2147483647;
			files = (
				181BD9061DBFFAF700631160 /* SideMenuViewController.m in Sources */,
				182991141DBE8CBD008A8C20 /* ViewController.m in Sources */,
				181BD8E51DBFE81300631160 /* AdsViewController.m in Sources */,
				182991111DBE8CBD008A8C20 /* AppDelegate.m in Sources */,
				182D79291DC2A68F00C5230C /* BlogDetailViewController.m in Sources */,
				182991EF1DBEA1D8008A8C20 /* DataSyncManager.m in Sources */,
				182991961DBE9479008A8C20 /* ReadViewController.m in Sources */,
				181BD8FE1DBFF6A000631160 /* SWRevealViewController.m in Sources */,
				182991DE1DBE954B008A8C20 /* ReadTableViewCell.m in Sources */,
				181BD9021DBFFA1200631160 /* SideMenuTableViewCell.m in Sources */,
				182991F01DBEA1D8008A8C20 /* SharedClass.m in Sources */,
				1829910E1DBE8CBD008A8C20 /* main.m in Sources */,
				182D792D1DC2AB1600C5230C /* BlogDetailTableViewCell.m in Sources */,
				182991E61DBE9E41008A8C20 /* ExpressViewController.m in Sources */,
			);
			runOnlyForDeploymentPostprocessing = 0;
		};
		1829911E1DBE8CBD008A8C20 /* Sources */ = {
			isa = PBXSourcesBuildPhase;
			buildActionMask = 2147483647;
			files = (
				182991271DBE8CBD008A8C20 /* CheerUpTests.m in Sources */,
			);
			runOnlyForDeploymentPostprocessing = 0;
		};
		182991291DBE8CBD008A8C20 /* Sources */ = {
			isa = PBXSourcesBuildPhase;
			buildActionMask = 2147483647;
			files = (
				182991321DBE8CBD008A8C20 /* CheerUpUITests.m in Sources */,
			);
			runOnlyForDeploymentPostprocessing = 0;
		};
/* End PBXSourcesBuildPhase section */

/* Begin PBXTargetDependency section */
		182991241DBE8CBD008A8C20 /* PBXTargetDependency */ = {
			isa = PBXTargetDependency;
			target = 182991081DBE8CBD008A8C20 /* CheerUp */;
			targetProxy = 182991231DBE8CBD008A8C20 /* PBXContainerItemProxy */;
		};
		1829912F1DBE8CBD008A8C20 /* PBXTargetDependency */ = {
			isa = PBXTargetDependency;
			target = 182991081DBE8CBD008A8C20 /* CheerUp */;
			targetProxy = 1829912E1DBE8CBD008A8C20 /* PBXContainerItemProxy */;
		};
/* End PBXTargetDependency section */

/* Begin PBXVariantGroup section */
		182991151DBE8CBD008A8C20 /* Main.storyboard */ = {
			isa = PBXVariantGroup;
			children = (
				182991161DBE8CBD008A8C20 /* Base */,
			);
			name = Main.storyboard;
			sourceTree = "<group>";
		};
		1829911A1DBE8CBD008A8C20 /* LaunchScreen.storyboard */ = {
			isa = PBXVariantGroup;
			children = (
				1829911B1DBE8CBD008A8C20 /* Base */,
			);
			name = LaunchScreen.storyboard;
			sourceTree = "<group>";
		};
/* End PBXVariantGroup section */

/* Begin XCBuildConfiguration section */
		182991341DBE8CBD008A8C20 /* Debug */ = {
			isa = XCBuildConfiguration;
			buildSettings = {
				ALWAYS_SEARCH_USER_PATHS = NO;
				CLANG_ANALYZER_NONNULL = YES;
				CLANG_CXX_LANGUAGE_STANDARD = "gnu++0x";
				CLANG_CXX_LIBRARY = "libc++";
				CLANG_ENABLE_MODULES = YES;
				CLANG_ENABLE_OBJC_ARC = YES;
				CLANG_WARN_BOOL_CONVERSION = YES;
				CLANG_WARN_CONSTANT_CONVERSION = YES;
				CLANG_WARN_DIRECT_OBJC_ISA_USAGE = YES_ERROR;
				CLANG_WARN_EMPTY_BODY = YES;
				CLANG_WARN_ENUM_CONVERSION = YES;
				CLANG_WARN_INT_CONVERSION = YES;
				CLANG_WARN_OBJC_ROOT_CLASS = YES_ERROR;
				CLANG_WARN_UNREACHABLE_CODE = YES;
				CLANG_WARN__DUPLICATE_METHOD_MATCH = YES;
				"CODE_SIGN_IDENTITY[sdk=iphoneos*]" = "iPhone Developer";
				COPY_PHASE_STRIP = NO;
				DEBUG_INFORMATION_FORMAT = dwarf;
				ENABLE_STRICT_OBJC_MSGSEND = YES;
				ENABLE_TESTABILITY = YES;
				GCC_C_LANGUAGE_STANDARD = gnu99;
				GCC_DYNAMIC_NO_PIC = NO;
				GCC_NO_COMMON_BLOCKS = YES;
				GCC_OPTIMIZATION_LEVEL = 0;
				GCC_PREPROCESSOR_DEFINITIONS = (
					"DEBUG=1",
					"$(inherited)",
				);
				GCC_WARN_64_TO_32_BIT_CONVERSION = YES;
				GCC_WARN_ABOUT_RETURN_TYPE = YES_ERROR;
				GCC_WARN_UNDECLARED_SELECTOR = YES;
				GCC_WARN_UNINITIALIZED_AUTOS = YES_AGGRESSIVE;
				GCC_WARN_UNUSED_FUNCTION = YES;
				GCC_WARN_UNUSED_VARIABLE = YES;
				IPHONEOS_DEPLOYMENT_TARGET = 9.3;
				MTL_ENABLE_DEBUG_INFO = YES;
				ONLY_ACTIVE_ARCH = YES;
				SDKROOT = iphoneos;
			};
			name = Debug;
		};
		182991351DBE8CBD008A8C20 /* Release */ = {
			isa = XCBuildConfiguration;
			buildSettings = {
				ALWAYS_SEARCH_USER_PATHS = NO;
				CLANG_ANALYZER_NONNULL = YES;
				CLANG_CXX_LANGUAGE_STANDARD = "gnu++0x";
				CLANG_CXX_LIBRARY = "libc++";
				CLANG_ENABLE_MODULES = YES;
				CLANG_ENABLE_OBJC_ARC = YES;
				CLANG_WARN_BOOL_CONVERSION = YES;
				CLANG_WARN_CONSTANT_CONVERSION = YES;
				CLANG_WARN_DIRECT_OBJC_ISA_USAGE = YES_ERROR;
				CLANG_WARN_EMPTY_BODY = YES;
				CLANG_WARN_ENUM_CONVERSION = YES;
				CLANG_WARN_INT_CONVERSION = YES;
				CLANG_WARN_OBJC_ROOT_CLASS = YES_ERROR;
				CLANG_WARN_UNREACHABLE_CODE = YES;
				CLANG_WARN__DUPLICATE_METHOD_MATCH = YES;
				"CODE_SIGN_IDENTITY[sdk=iphoneos*]" = "iPhone Developer";
				COPY_PHASE_STRIP = NO;
				DEBUG_INFORMATION_FORMAT = "dwarf-with-dsym";
				ENABLE_NS_ASSERTIONS = NO;
				ENABLE_STRICT_OBJC_MSGSEND = YES;
				GCC_C_LANGUAGE_STANDARD = gnu99;
				GCC_NO_COMMON_BLOCKS = YES;
				GCC_WARN_64_TO_32_BIT_CONVERSION = YES;
				GCC_WARN_ABOUT_RETURN_TYPE = YES_ERROR;
				GCC_WARN_UNDECLARED_SELECTOR = YES;
				GCC_WARN_UNINITIALIZED_AUTOS = YES_AGGRESSIVE;
				GCC_WARN_UNUSED_FUNCTION = YES;
				GCC_WARN_UNUSED_VARIABLE = YES;
				IPHONEOS_DEPLOYMENT_TARGET = 9.3;
				MTL_ENABLE_DEBUG_INFO = NO;
				SDKROOT = iphoneos;
				VALIDATE_PRODUCT = YES;
			};
			name = Release;
		};
		182991371DBE8CBD008A8C20 /* Debug */ = {
			isa = XCBuildConfiguration;
			baseConfigurationReference = 1E44D15EB09A08FDA630E60A /* Pods-CheerUp.debug.xcconfig */;
			buildSettings = {
				ASSETCATALOG_COMPILER_APPICON_NAME = AppIcon;
				CODE_SIGN_IDENTITY = "iPhone Distribution: Swapnil Harkanth (CZA6DXR72T)";
				"CODE_SIGN_IDENTITY[sdk=iphoneos*]" = "iPhone Distribution: Swapnil Harkanth (CZA6DXR72T)";
				GCC_PREFIX_HEADER = CheerUp/PrefixHeader.pch;
				INFOPLIST_FILE = CheerUp/Info.plist;
				IPHONEOS_DEPLOYMENT_TARGET = 8.0;
				LD_RUNPATH_SEARCH_PATHS = "$(inherited) @executable_path/Frameworks";
				PRODUCT_BUNDLE_IDENTIFIER = com.stardeep.CheerUp;
				PRODUCT_NAME = "$(TARGET_NAME)";
				PROVISIONING_PROFILE = "";
			};
			name = Debug;
		};
		182991381DBE8CBD008A8C20 /* Release */ = {
			isa = XCBuildConfiguration;
			baseConfigurationReference = 71F710293155FF6CA20E423C /* Pods-CheerUp.release.xcconfig */;
			buildSettings = {
				ASSETCATALOG_COMPILER_APPICON_NAME = AppIcon;
				CODE_SIGN_IDENTITY = "iPhone Distribution: Swapnil Harkanth (CZA6DXR72T)";
				"CODE_SIGN_IDENTITY[sdk=iphoneos*]" = "iPhone Distribution: Swapnil Harkanth (CZA6DXR72T)";
				GCC_PREFIX_HEADER = CheerUp/PrefixHeader.pch;
				INFOPLIST_FILE = CheerUp/Info.plist;
				IPHONEOS_DEPLOYMENT_TARGET = 8.0;
				LD_RUNPATH_SEARCH_PATHS = "$(inherited) @executable_path/Frameworks";
				PRODUCT_BUNDLE_IDENTIFIER = com.stardeep.CheerUp;
				PRODUCT_NAME = "$(TARGET_NAME)";
				PROVISIONING_PROFILE = "";
			};
			name = Release;
		};
		1829913A1DBE8CBD008A8C20 /* Debug */ = {
			isa = XCBuildConfiguration;
			buildSettings = {
				BUNDLE_LOADER = "$(TEST_HOST)";
				INFOPLIST_FILE = CheerUpTests/Info.plist;
				LD_RUNPATH_SEARCH_PATHS = "$(inherited) @executable_path/Frameworks @loader_path/Frameworks";
				PRODUCT_BUNDLE_IDENTIFIER = com.stardeep.CheerUpTests;
				PRODUCT_NAME = "$(TARGET_NAME)";
				TEST_HOST = "$(BUILT_PRODUCTS_DIR)/CheerUp.app/CheerUp";
			};
			name = Debug;
		};
		1829913B1DBE8CBD008A8C20 /* Release */ = {
			isa = XCBuildConfiguration;
			buildSettings = {
				BUNDLE_LOADER = "$(TEST_HOST)";
				INFOPLIST_FILE = CheerUpTests/Info.plist;
				LD_RUNPATH_SEARCH_PATHS = "$(inherited) @executable_path/Frameworks @loader_path/Frameworks";
				PRODUCT_BUNDLE_IDENTIFIER = com.stardeep.CheerUpTests;
				PRODUCT_NAME = "$(TARGET_NAME)";
				TEST_HOST = "$(BUILT_PRODUCTS_DIR)/CheerUp.app/CheerUp";
			};
			name = Release;
		};
		1829913D1DBE8CBD008A8C20 /* Debug */ = {
			isa = XCBuildConfiguration;
			buildSettings = {
				INFOPLIST_FILE = CheerUpUITests/Info.plist;
				LD_RUNPATH_SEARCH_PATHS = "$(inherited) @executable_path/Frameworks @loader_path/Frameworks";
				PRODUCT_BUNDLE_IDENTIFIER = com.stardeep.CheerUpUITests;
				PRODUCT_NAME = "$(TARGET_NAME)";
				TEST_TARGET_NAME = CheerUp;
			};
			name = Debug;
		};
		1829913E1DBE8CBD008A8C20 /* Release */ = {
			isa = XCBuildConfiguration;
			buildSettings = {
				INFOPLIST_FILE = CheerUpUITests/Info.plist;
				LD_RUNPATH_SEARCH_PATHS = "$(inherited) @executable_path/Frameworks @loader_path/Frameworks";
				PRODUCT_BUNDLE_IDENTIFIER = com.stardeep.CheerUpUITests;
				PRODUCT_NAME = "$(TARGET_NAME)";
				TEST_TARGET_NAME = CheerUp;
			};
			name = Release;
		};
/* End XCBuildConfiguration section */

/* Begin XCConfigurationList section */
		182991041DBE8CBD008A8C20 /* Build configuration list for PBXProject "CheerUp" */ = {
			isa = XCConfigurationList;
			buildConfigurations = (
				182991341DBE8CBD008A8C20 /* Debug */,
				182991351DBE8CBD008A8C20 /* Release */,
			);
			defaultConfigurationIsVisible = 0;
			defaultConfigurationName = Release;
		};
		182991361DBE8CBD008A8C20 /* Build configuration list for PBXNativeTarget "CheerUp" */ = {
			isa = XCConfigurationList;
			buildConfigurations = (
				182991371DBE8CBD008A8C20 /* Debug */,
				182991381DBE8CBD008A8C20 /* Release */,
			);
			defaultConfigurationIsVisible = 0;
			defaultConfigurationName = Release;
		};
		182991391DBE8CBD008A8C20 /* Build configuration list for PBXNativeTarget "CheerUpTests" */ = {
			isa = XCConfigurationList;
			buildConfigurations = (
				1829913A1DBE8CBD008A8C20 /* Debug */,
				1829913B1DBE8CBD008A8C20 /* Release */,
			);
			defaultConfigurationIsVisible = 0;
			defaultConfigurationName = Release;
		};
		1829913C1DBE8CBD008A8C20 /* Build configuration list for PBXNativeTarget "CheerUpUITests" */ = {
			isa = XCConfigurationList;
			buildConfigurations = (
				1829913D1DBE8CBD008A8C20 /* Debug */,
				1829913E1DBE8CBD008A8C20 /* Release */,
			);
			defaultConfigurationIsVisible = 0;
			defaultConfigurationName = Release;
		};
/* End XCConfigurationList section */
	};
	rootObject = 182991011DBE8CBD008A8C20 /* Project object */;
}
